
Microsoft Visual Studio Solution File, Format Version 12.00
# Visual Studio Version 17
VisualStudioVersion = 17.5.33516.290
MinimumVisualStudioVersion = 10.0.40219.1
Project("{FAE04EC0-301F-11D3-BF4B-00C04F79EFBC}") = "DotNetCoreWebApi", "DotNetCoreWebApi\DotNetCoreWebApi.csproj", "{BB192827-24EA-426C-B192-911BF1035B1F}"
EndProject
Global
	GlobalSection(SolutionConfigurationPlatforms) = preSolution
		Debug|Any CPU = Debug|Any CPU
		Release|Any CPU = Release|Any CPU
	EndGlobalSection
	GlobalSection(ProjectConfigurationPlatforms) = postSolution
		{BB192827-24EA-426C-B192-911BF1035B1F}.Debug|Any CPU.ActiveCfg = Debug|Any CPU
		{BB192827-24EA-426C-B192-911BF1035B1F}.Debug|Any CPU.Build.0 = Debug|Any CPU
		{BB192827-24EA-426C-B192-911BF1035B1F}.Release|Any CPU.ActiveCfg = Release|Any CPU
		{BB192827-24EA-426C-B192-911BF1035B1F}.Release|Any CPU.Build.0 = Release|Any CPU
	EndGlobalSection
	GlobalSection(SolutionProperties) = preSolution
		HideSolutionNode = FALSE
	EndGlobalSection
	GlobalSection(ExtensibilityGlobals) = postSolution
		SolutionGuid = {9C49E529-F5BF-481B-B7FE-4CBC18A4713A}
	EndGlobalSection
EndGlobal
